
Microsoft Visual Studio Solution File, Format Version 12.00
# Visual Studio 14
VisualStudioVersion = 14.0.25420.1
MinimumVisualStudioVersion = 10.0.40219.1
Project("{FAE04EC0-301F-11D3-BF4B-00C04F79EFBC}") = "AirportLogicTier", "AirportLogicTier\AirportLogicTier.csproj", "{04F71BE1-AAD3-40BB-B8BE-AEBB83EFC5E8}"
EndProject
Project("{FAE04EC0-301F-11D3-BF4B-00C04F79EFBC}") = "WebAirport", "WebAirport\WebAirport.csproj", "{3205AC07-6909-4195-95B2-C02C5F5833CF}"
EndProject
Global
	GlobalSection(SolutionConfigurationPlatforms) = preSolution
		Debug|Any CPU = Debug|Any CPU
		Release|Any CPU = Release|Any CPU
	EndGlobalSection
	GlobalSection(ProjectConfigurationPlatforms) = postSolution
		{04F71BE1-AAD3-40BB-B8BE-AEBB83EFC5E8}.Debug|Any CPU.ActiveCfg = Debug|Any CPU
		{04F71BE1-AAD3-40BB-B8BE-AEBB83EFC5E8}.Debug|Any CPU.Build.0 = Debug|Any CPU
		{04F71BE1-AAD3-40BB-B8BE-AEBB83EFC5E8}.Release|Any CPU.ActiveCfg = Release|Any CPU
		{04F71BE1-AAD3-40BB-B8BE-AEBB83EFC5E8}.Release|Any CPU.Build.0 = Release|Any CPU
		{3205AC07-6909-4195-95B2-C02C5F5833CF}.Debug|Any CPU.ActiveCfg = Debug|Any CPU
		{3205AC07-6909-4195-95B2-C02C5F5833CF}.Debug|Any CPU.Build.0 = Debug|Any CPU
		{3205AC07-6909-4195-95B2-C02C5F5833CF}.Release|Any CPU.ActiveCfg = Release|Any CPU
		{3205AC07-6909-4195-95B2-C02C5F5833CF}.Release|Any CPU.Build.0 = Release|Any CPU
	EndGlobalSection
	GlobalSection(SolutionProperties) = preSolution
		HideSolutionNode = FALSE
	EndGlobalSection
	GlobalSection(ExtensibilityGlobals) = postSolution
		SolutionGuid = {01F084B0-5B23-47DD-8809-E82FA426017F}
	EndGlobalSection
EndGlobal
